// !$*UTF8*$!
{
	archiveVersion = 1;
	classes = {
	};
	objectVersion = 50;
	objects = {

/* Begin PBXBuildFile section */
		3F18791BD64B012D8AB83635 /* Pods_MyGarden.framework in Frameworks */ = {isa = PBXBuildFile; fileRef = A3929F595047C5F91ED94F5E /* Pods_MyGarden.framework */; };
		7875EB4121FF8897006B3E2B /* AppDelegate.swift in Sources */ = {isa = PBXBuildFile; fileRef = 7875EB4021FF8897006B3E2B /* AppDelegate.swift */; };
		7875EB4321FF8897006B3E2B /* ViewController.swift in Sources */ = {isa = PBXBuildFile; fileRef = 7875EB4221FF8897006B3E2B /* ViewController.swift */; };
		7875EB4621FF8897006B3E2B /* Main.storyboard in Resources */ = {isa = PBXBuildFile; fileRef = 7875EB4421FF8897006B3E2B /* Main.storyboard */; };
		7875EB4821FF8898006B3E2B /* Assets.xcassets in Resources */ = {isa = PBXBuildFile; fileRef = 7875EB4721FF8898006B3E2B /* Assets.xcassets */; };
		7875EB4B21FF8898006B3E2B /* LaunchScreen.storyboard in Resources */ = {isa = PBXBuildFile; fileRef = 7875EB4921FF8898006B3E2B /* LaunchScreen.storyboard */; };
		7875EB5321FF88C6006B3E2B /* FlowerClassifier.mlmodel in Sources */ = {isa = PBXBuildFile; fileRef = 7875EB5221FF88C6006B3E2B /* FlowerClassifier.mlmodel */; };
		7875EB7B2200834C006B3E2B /* WikiAPI.swift in Sources */ = {isa = PBXBuildFile; fileRef = 7875EB7A2200834C006B3E2B /* WikiAPI.swift */; };
/* End PBXBuildFile section */

/* Begin PBXFileReference section */
		7875EB3D21FF8897006B3E2B /* MyGarden.app */ = {isa = PBXFileReference; explicitFileType = wrapper.application; includeInIndex = 0; path = MyGarden.app; sourceTree = BUILT_PRODUCTS_DIR; };
		7875EB4021FF8897006B3E2B /* AppDelegate.swift */ = {isa = PBXFileReference; lastKnownFileType = sourcecode.swift; path = AppDelegate.swift; sourceTree = "<group>"; };
		7875EB4221FF8897006B3E2B /* ViewController.swift */ = {isa = PBXFileReference; lastKnownFileType = sourcecode.swift; path = ViewController.swift; sourceTree = "<group>"; };
		7875EB4521FF8897006B3E2B /* Base */ = {isa = PBXFileReference; lastKnownFileType = file.storyboard; name = Base; path = Base.lproj/Main.storyboard; sourceTree = "<group>"; };
		7875EB4721FF8898006B3E2B /* Assets.xcassets */ = {isa = PBXFileReference; lastKnownFileType = folder.assetcatalog; path = Assets.xcassets; sourceTree = "<group>"; };
		7875EB4A21FF8898006B3E2B /* Base */ = {isa = PBXFileReference; lastKnownFileType = file.storyboard; name = Base; path = Base.lproj/LaunchScreen.storyboard; sourceTree = "<group>"; };
		7875EB4C21FF8898006B3E2B /* Info.plist */ = {isa = PBXFileReference; lastKnownFileType = text.plist.xml; path = Info.plist; sourceTree = "<group>"; };
		7875EB5221FF88C6006B3E2B /* FlowerClassifier.mlmodel */ = {isa = PBXFileReference; lastKnownFileType = file.mlmodel; path = FlowerClassifier.mlmodel; sourceTree = "<group>"; };
		7875EB7A2200834C006B3E2B /* WikiAPI.swift */ = {isa = PBXFileReference; lastKnownFileType = sourcecode.swift; path = WikiAPI.swift; sourceTree = "<group>"; };
		A3929F595047C5F91ED94F5E /* Pods_MyGarden.framework */ = {isa = PBXFileReference; explicitFileType = wrapper.framework; includeInIndex = 0; path = Pods_MyGarden.framework; sourceTree = BUILT_PRODUCTS_DIR; };
		AF6AD5B672E597C4C49F9B95 /* Pods-MyGarden.release.xcconfig */ = {isa = PBXFileReference; includeInIndex = 1; lastKnownFileType = text.xcconfig; name = "Pods-MyGarden.release.xcconfig"; path = "Target Support Files/Pods-MyGarden/Pods-MyGarden.release.xcconfig"; sourceTree = "<group>"; };
		F89B73065D201B2EEF1A5F44 /* Pods-MyGarden.debug.xcconfig */ = {isa = PBXFileReference; includeInIndex = 1; lastKnownFileType = text.xcconfig; name = "Pods-MyGarden.debug.xcconfig"; path = "Target Support Files/Pods-MyGarden/Pods-MyGarden.debug.xcconfig"; sourceTree = "<group>"; };
/* End PBXFileReference section */

/* Begin PBXFrameworksBuildPhase section */
		7875EB3A21FF8897006B3E2B /* Frameworks */ = {
			isa = PBXFrameworksBuildPhase;
			buildActionMask = 2147483647;
			files = (
				3F18791BD64B012D8AB83635 /* Pods_MyGarden.framework in Frameworks */,
			);
			runOnlyForDeploymentPostprocessing = 0;
		};
/* End PBXFrameworksBuildPhase section */

/* Begin PBXGroup section */
		7875EB3421FF8897006B3E2B = {
			isa = PBXGroup;
			children = (
				7875EB3F21FF8897006B3E2B /* MyGarden */,
				7875EB3E21FF8897006B3E2B /* Products */,
				FC4941DEBFCE6997432A444C /* Pods */,
				D821F5FE5D18AF78B3F58C13 /* Frameworks */,
			);
			sourceTree = "<group>";
		};
		7875EB3E21FF8897006B3E2B /* Products */ = {
			isa = PBXGroup;
			children = (
				7875EB3D21FF8897006B3E2B /* MyGarden.app */,
			);
			name = Products;
			sourceTree = "<group>";
		};
		7875EB3F21FF8897006B3E2B /* MyGarden */ = {
			isa = PBXGroup;
			children = (
				7875EB5221FF88C6006B3E2B /* FlowerClassifier.mlmodel */,
				7875EB4021FF8897006B3E2B /* AppDelegate.swift */,
				7875EB4221FF8897006B3E2B /* ViewController.swift */,
				7875EB7A2200834C006B3E2B /* WikiAPI.swift */,
				7875EB4421FF8897006B3E2B /* Main.storyboard */,
				7875EB4721FF8898006B3E2B /* Assets.xcassets */,
				7875EB4921FF8898006B3E2B /* LaunchScreen.storyboard */,
				7875EB4C21FF8898006B3E2B /* Info.plist */,
			);
			path = MyGarden;
			sourceTree = "<group>";
		};
		D821F5FE5D18AF78B3F58C13 /* Frameworks */ = {
			isa = PBXGroup;
			children = (
				A3929F595047C5F91ED94F5E /* Pods_MyGarden.framework */,
			);
			name = Frameworks;
			sourceTree = "<group>";
		};
		FC4941DEBFCE6997432A444C /* Pods */ = {
			isa = PBXGroup;
			children = (
				F89B73065D201B2EEF1A5F44 /* Pods-MyGarden.debug.xcconfig */,
				AF6AD5B672E597C4C49F9B95 /* Pods-MyGarden.release.xcconfig */,
			);
			path = Pods;
			sourceTree = "<group>";
		};
/* End PBXGroup section */

/* Begin PBXNativeTarget section */
		7875EB3C21FF8897006B3E2B /* MyGarden */ = {
			isa = PBXNativeTarget;
			buildConfigurationList = 7875EB4F21FF8898006B3E2B /* Build configuration list for PBXNativeTarget "MyGarden" */;
			buildPhases = (
				8CFA3F76FAAED37986E1B5E7 /* [CP] Check Pods Manifest.lock */,
				7875EB3921FF8897006B3E2B /* Sources */,
				7875EB3A21FF8897006B3E2B /* Frameworks */,
				7875EB3B21FF8897006B3E2B /* Resources */,
				025DAC712AFC8406342F4941 /* [CP] Embed Pods Frameworks */,
			);
			buildRules = (
			);
			dependencies = (
			);
			name = MyGarden;
			productName = MyGarden;
			productReference = 7875EB3D21FF8897006B3E2B /* MyGarden.app */;
			productType = "com.apple.product-type.application";
		};
/* End PBXNativeTarget section */

/* Begin PBXProject section */
		7875EB3521FF8897006B3E2B /* Project object */ = {
			isa = PBXProject;
			attributes = {
				LastSwiftUpdateCheck = 1010;
				LastUpgradeCheck = 1010;
				ORGANIZATIONNAME = Shenshin;
				TargetAttributes = {
					7875EB3C21FF8897006B3E2B = {
						CreatedOnToolsVersion = 10.1;
					};
				};
			};
			buildConfigurationList = 7875EB3821FF8897006B3E2B /* Build configuration list for PBXProject "MyGarden" */;
			compatibilityVersion = "Xcode 9.3";
			developmentRegion = en;
			hasScannedForEncodings = 0;
			knownRegions = (
				en,
				Base,
			);
			mainGroup = 7875EB3421FF8897006B3E2B;
			productRefGroup = 7875EB3E21FF8897006B3E2B /* Products */;
			projectDirPath = "";
			projectRoot = "";
			targets = (
				7875EB3C21FF8897006B3E2B /* MyGarden */,
			);
		};
/* End PBXProject section */

/* Begin PBXResourcesBuildPhase section */
		7875EB3B21FF8897006B3E2B /* Resources */ = {
			isa = PBXResourcesBuildPhase;
			buildActionMask = 2147483647;
			files = (
				7875EB4B21FF8898006B3E2B /* LaunchScreen.storyboard in Resources */,
				7875EB4821FF8898006B3E2B /* Assets.xcassets in Resources */,
				7875EB4621FF8897006B3E2B /* Main.storyboard in Resources */,
			);
			runOnlyForDeploymentPostprocessing = 0;
		};
/* End PBXResourcesBuildPhase section */

/* Begin PBXShellScriptBuildPhase section */
		025DAC712AFC8406342F4941 /* [CP] Embed Pods Frameworks */ = {
			isa = PBXShellScriptBuildPhase;
			buildActionMask = 2147483647;
			files = (
			);
			inputFileListPaths = (
			);
			inputPaths = (
				"${PODS_ROOT}/Target Support Files/Pods-MyGarden/Pods-MyGarden-frameworks.sh",
				"${BUILT_PRODUCTS_DIR}/Alamofire/Alamofire.framework",
				"${BUILT_PRODUCTS_DIR}/SwiftyJSON/SwiftyJSON.framework",
			);
			name = "[CP] Embed Pods Frameworks";
			outputFileListPaths = (
			);
			outputPaths = (
				"${TARGET_BUILD_DIR}/${FRAMEWORKS_FOLDER_PATH}/Alamofire.framework",
				"${TARGET_BUILD_DIR}/${FRAMEWORKS_FOLDER_PATH}/SwiftyJSON.framework",
			);
			runOnlyForDeploymentPostprocessing = 0;
			shellPath = /bin/sh;
			shellScript = "\"${PODS_ROOT}/Target Support Files/Pods-MyGarden/Pods-MyGarden-frameworks.sh\"\n";
			showEnvVarsInLog = 0;
		};
		8CFA3F76FAAED37986E1B5E7 /* [CP] Check Pods Manifest.lock */ = {
			isa = PBXShellScriptBuildPhase;
			buildActionMask = 2147483647;
			files = (
			);
			inputFileListPaths = (
			);
			inputPaths = (
				"${PODS_PODFILE_DIR_PATH}/Podfile.lock",
				"${PODS_ROOT}/Manifest.lock",
			);
			name = "[CP] Check Pods Manifest.lock";
			outputFileListPaths = (
			);
			outputPaths = (
				"$(DERIVED_FILE_DIR)/Pods-MyGarden-checkManifestLockResult.txt",
			);
			runOnlyForDeploymentPostprocessing = 0;
			shellPath = /bin/sh;
			shellScript = "diff \"${PODS_PODFILE_DIR_PATH}/Podfile.lock\" \"${PODS_ROOT}/Manifest.lock\" > /dev/null\nif [ $? != 0 ] ; then\n    # print error to STDERR\n    echo \"error: The sandbox is not in sync with the Podfile.lock. Run 'pod install' or update your CocoaPods installation.\" >&2\n    exit 1\nfi\n# This output is used by Xcode 'outputs' to avoid re-running this script phase.\necho \"SUCCESS\" > \"${SCRIPT_OUTPUT_FILE_0}\"\n";
			showEnvVarsInLog = 0;
		};
/* End PBXShellScriptBuildPhase section */

/* Begin PBXSourcesBuildPhase section */
		7875EB3921FF8897006B3E2B /* Sources */ = {
			isa = PBXSourcesBuildPhase;
			buildActionMask = 2147483647;
			files = (
				7875EB5321FF88C6006B3E2B /* FlowerClassifier.mlmodel in Sources */,
				7875EB4321FF8897006B3E2B /* ViewController.swift in Sources */,
				7875EB7B2200834C006B3E2B /* WikiAPI.swift in Sources */,
				7875EB4121FF8897006B3E2B /* AppDelegate.swift in Sources */,
			);
			runOnlyForDeploymentPostprocessing = 0;
		};
/* End PBXSourcesBuildPhase section */

/* Begin PBXVariantGroup section */
		7875EB4421FF8897006B3E2B /* Main.storyboard */ = {
			isa = PBXVariantGroup;
			children = (
				7875EB4521FF8897006B3E2B /* Base */,
			);
			name = Main.storyboard;
			sourceTree = "<group>";
		};
		7875EB4921FF8898006B3E2B /* LaunchScreen.storyboard */ = {
			isa = PBXVariantGroup;
			children = (
				7875EB4A21FF8898006B3E2B /* Base */,
			);
			name = LaunchScreen.storyboard;
			sourceTree = "<group>";
		};
/* End PBXVariantGroup section */

/* Begin XCBuildConfiguration section */
		7875EB4D21FF8898006B3E2B /* Debug */ = {
			isa = XCBuildConfiguration;
			buildSettings = {
				ALWAYS_SEARCH_USER_PATHS = NO;
				CLANG_ANALYZER_NONNULL = YES;
				CLANG_ANALYZER_NUMBER_OBJECT_CONVERSION = YES_AGGRESSIVE;
				CLANG_CXX_LANGUAGE_STANDARD = "gnu++14";
				CLANG_CXX_LIBRARY = "libc++";
				CLANG_ENABLE_MODULES = YES;
				CLANG_ENABLE_OBJC_ARC = YES;
				CLANG_ENABLE_OBJC_WEAK = YES;
				CLANG_WARN_BLOCK_CAPTURE_AUTORELEASING = YES;
				CLANG_WARN_BOOL_CONVERSION = YES;
				CLANG_WARN_COMMA = YES;
				CLANG_WARN_CONSTANT_CONVERSION = YES;
				CLANG_WARN_DEPRECATED_OBJC_IMPLEMENTATIONS = YES;
				CLANG_WARN_DIRECT_OBJC_ISA_USAGE = YES_ERROR;
				CLANG_WARN_DOCUMENTATION_COMMENTS = YES;
				CLANG_WARN_EMPTY_BODY = YES;
				CLANG_WARN_ENUM_CONVERSION = YES;
				CLANG_WARN_INFINITE_RECURSION = YES;
				CLANG_WARN_INT_CONVERSION = YES;
				CLANG_WARN_NON_LITERAL_NULL_CONVERSION = YES;
				CLANG_WARN_OBJC_IMPLICIT_RETAIN_SELF = YES;
				CLANG_WARN_OBJC_LITERAL_CONVERSION = YES;
				CLANG_WARN_OBJC_ROOT_CLASS = YES_ERROR;
				CLANG_WARN_RANGE_LOOP_ANALYSIS = YES;
				CLANG_WARN_STRICT_PROTOTYPES = YES;
				CLANG_WARN_SUSPICIOUS_MOVE = YES;
				CLANG_WARN_UNGUARDED_AVAILABILITY = YES_AGGRESSIVE;
				CLANG_WARN_UNREACHABLE_CODE = YES;
				CLANG_WARN__DUPLICATE_METHOD_MATCH = YES;
				CODE_SIGN_IDENTITY = "iPhone Developer";
				COPY_PHASE_STRIP = NO;
				DEBUG_INFORMATION_FORMAT = dwarf;
				ENABLE_STRICT_OBJC_MSGSEND = YES;
				ENABLE_TESTABILITY = YES;
				GCC_C_LANGUAGE_STANDARD = gnu11;
				GCC_DYNAMIC_NO_PIC = NO;
				GCC_NO_COMMON_BLOCKS = YES;
				GCC_OPTIMIZATION_LEVEL = 0;
				GCC_PREPROCESSOR_DEFINITIONS = (
					"DEBUG=1",
					"$(inherited)",
				);
				GCC_WARN_64_TO_32_BIT_CONVERSION = YES;
				GCC_WARN_ABOUT_RETURN_TYPE = YES_ERROR;
				GCC_WARN_UNDECLARED_SELECTOR = YES;
				GCC_WARN_UNINITIALIZED_AUTOS = YES_AGGRESSIVE;
				GCC_WARN_UNUSED_FUNCTION = YES;
				GCC_WARN_UNUSED_VARIABLE = YES;
				IPHONEOS_DEPLOYMENT_TARGET = 12.1;
				MTL_ENABLE_DEBUG_INFO = INCLUDE_SOURCE;
				MTL_FAST_MATH = YES;
				ONLY_ACTIVE_ARCH = YES;
				SDKROOT = iphoneos;
				SWIFT_ACTIVE_COMPILATION_CONDITIONS = DEBUG;
				SWIFT_OPTIMIZATION_LEVEL = "-Onone";
			};
			name = Debug;
		};
		7875EB4E21FF8898006B3E2B /* Release */ = {
			isa = XCBuildConfiguration;
			buildSettings = {
				ALWAYS_SEARCH_USER_PATHS = NO;
				CLANG_ANALYZER_NONNULL = YES;
				CLANG_ANALYZER_NUMBER_OBJECT_CONVERSION = YES_AGGRESSIVE;
				CLANG_CXX_LANGUAGE_STANDARD = "gnu++14";
				CLANG_CXX_LIBRARY = "libc++";
				CLANG_ENABLE_MODULES = YES;
				CLANG_ENABLE_OBJC_ARC = YES;
				CLANG_ENABLE_OBJC_WEAK = YES;
				CLANG_WARN_BLOCK_CAPTURE_AUTORELEASING = YES;
				CLANG_WARN_BOOL_CONVERSION = YES;
				CLANG_WARN_COMMA = YES;
				CLANG_WARN_CONSTANT_CONVERSION = YES;
				CLANG_WARN_DEPRECATED_OBJC_IMPLEMENTATIONS = YES;
				CLANG_WARN_DIRECT_OBJC_ISA_USAGE = YES_ERROR;
				CLANG_WARN_DOCUMENTATION_COMMENTS = YES;
				CLANG_WARN_EMPTY_BODY = YES;
				CLANG_WARN_ENUM_CONVERSION = YES;
				CLANG_WARN_INFINITE_RECURSION = YES;
				CLANG_WARN_INT_CONVERSION = YES;
				CLANG_WARN_NON_LITERAL_NULL_CONVERSION = YES;
				CLANG_WARN_OBJC_IMPLICIT_RETAIN_SELF = YES;
				CLANG_WARN_OBJC_LITERAL_CONVERSION = YES;
				CLANG_WARN_OBJC_ROOT_CLASS = YES_ERROR;
				CLANG_WARN_RANGE_LOOP_ANALYSIS = YES;
				CLANG_WARN_STRICT_PROTOTYPES = YES;
				CLANG_WARN_SUSPICIOUS_MOVE = YES;
				CLANG_WARN_UNGUARDED_AVAILABILITY = YES_AGGRESSIVE;
				CLANG_WARN_UNREACHABLE_CODE = YES;
				CLANG_WARN__DUPLICATE_METHOD_MATCH = YES;
				CODE_SIGN_IDENTITY = "iPhone Developer";
				COPY_PHASE_STRIP = NO;
				DEBUG_INFORMATION_FORMAT = "dwarf-with-dsym";
				ENABLE_NS_ASSERTIONS = NO;
				ENABLE_STRICT_OBJC_MSGSEND = YES;
				GCC_C_LANGUAGE_STANDARD = gnu11;
				GCC_NO_COMMON_BLOCKS = YES;
				GCC_WARN_64_TO_32_BIT_CONVERSION = YES;
				GCC_WARN_ABOUT_RETURN_TYPE = YES_ERROR;
				GCC_WARN_UNDECLARED_SELECTOR = YES;
				GCC_WARN_UNINITIALIZED_AUTOS = YES_AGGRESSIVE;
				GCC_WARN_UNUSED_FUNCTION = YES;
				GCC_WARN_UNUSED_VARIABLE = YES;
				IPHONEOS_DEPLOYMENT_TARGET = 12.1;
				MTL_ENABLE_DEBUG_INFO = NO;
				MTL_FAST_MATH = YES;
				SDKROOT = iphoneos;
				SWIFT_COMPILATION_MODE = wholemodule;
				SWIFT_OPTIMIZATION_LEVEL = "-O";
				VALIDATE_PRODUCT = YES;
			};
			name = Release;
		};
		7875EB5021FF8898006B3E2B /* Debug */ = {
			isa = XCBuildConfiguration;
			baseConfigurationReference = F89B73065D201B2EEF1A5F44 /* Pods-MyGarden.debug.xcconfig */;
			buildSettings = {
				ASSETCATALOG_COMPILER_APPICON_NAME = AppIcon;
				CODE_SIGN_STYLE = Automatic;
				DEVELOPMENT_TEAM = ZSCD3BWGW9;
				INFOPLIST_FILE = MyGarden/Info.plist;
				LD_RUNPATH_SEARCH_PATHS = (
					"$(inherited)",
					"@executable_path/Frameworks",
				);
				PRODUCT_BUNDLE_IDENTIFIER = com.shenshin.MyGarden;
				PRODUCT_NAME = "$(TARGET_NAME)";
				SWIFT_VERSION = 4.2;
				TARGETED_DEVICE_FAMILY = "1,2";
			};
			name = Debug;
		};
		7875EB5121FF8898006B3E2B /* Release */ = {
			isa = XCBuildConfiguration;
			baseConfigurationReference = AF6AD5B672E597C4C49F9B95 /* Pods-MyGarden.release.xcconfig */;
			buildSettings = {
				ASSETCATALOG_COMPILER_APPICON_NAME = AppIcon;
				CODE_SIGN_STYLE = Automatic;
				DEVELOPMENT_TEAM = ZSCD3BWGW9;
				INFOPLIST_FILE = MyGarden/Info.plist;
				LD_RUNPATH_SEARCH_PATHS = (
					"$(inherited)",
					"@executable_path/Frameworks",
				);
				PRODUCT_BUNDLE_IDENTIFIER = com.shenshin.MyGarden;
				PRODUCT_NAME = "$(TARGET_NAME)";
				SWIFT_VERSION = 4.2;
				TARGETED_DEVICE_FAMILY = "1,2";
			};
			name = Release;
		};
/* End XCBuildConfiguration section */

/* Begin XCConfigurationList section */
		7875EB3821FF8897006B3E2B /* Build configuration list for PBXProject "MyGarden" */ = {
			isa = XCConfigurationList;
			buildConfigurations = (
				7875EB4D21FF8898006B3E2B /* Debug */,
				7875EB4E21FF8898006B3E2B /* Release */,
			);
			defaultConfigurationIsVisible = 0;
			defaultConfigurationName = Release;
		};
		7875EB4F21FF8898006B3E2B /* Build configuration list for PBXNativeTarget "MyGarden" */ = {
			isa = XCConfigurationList;
			buildConfigurations = (
				7875EB5021FF8898006B3E2B /* Debug */,
				7875EB5121FF8898006B3E2B /* Release */,
			);
			defaultConfigurationIsVisible = 0;
			defaultConfigurationName = Release;
		};
/* End XCConfigurationList section */
	};
	rootObject = 7875EB3521FF8897006B3E2B /* Project object */;
}
